{
  "name": "api",
  "version": "1.0.0",
  "lockfileVersion": 1,
  "requires": true,
  "dependencies": {
    "database": {
      "version": "0.0.2",
      "resolved": "https://registry.npmjs.org/database/-/database-0.0.2.tgz",
      "integrity": "sha512-lrqvU32firrb2TBjn4Iv9V1Mh90rqUtyyLAvdSqdGP2w7IrNy+oI5IqGNowHq8o+/WVnQtKNfNIpLYd6uWZLHw=="
    },
    "types": {
      "version": "0.1.1",
      "resolved": "https://registry.npmjs.org/types/-/types-0.1.1.tgz",
      "integrity": "sha512-JuntZtJj4MKLE9x/XBs7IjsznYhzETwr34pw3XJTKvgYtAMdeMG+o8x8U85E5Lm6eCPa1DdOdGVsHMwq4ZnZAg=="
    }
  }
}
